
Microsoft Visual Studio Solution File, Format Version 12.00
# Visual Studio 15
VisualStudioVersion = 15.0.26124.0
MinimumVisualStudioVersion = 15.0.26124.0
Project("{FAE04EC0-301F-11D3-BF4B-00C04F79EFBC}") = "master", "SchnorrBlindingSignature\master.csproj", "{9854963A-8F27-4C66-A0E8-8F73ABDFF7CC}"
EndProject
Project("{FAE04EC0-301F-11D3-BF4B-00C04F79EFBC}") = "secp256k1", "SchnorrBlindingSignature\secp256k1.csproj", "{7E2D62BB-63A5-4535-A2C2-8E509ECDF7DB}"
EndProject
Global
	GlobalSection(SolutionConfigurationPlatforms) = preSolution
		Debug|Any CPU = Debug|Any CPU
		Debug|x64 = Debug|x64
		Debug|x86 = Debug|x86
		Release|Any CPU = Release|Any CPU
		Release|x64 = Release|x64
		Release|x86 = Release|x86
	EndGlobalSection
	GlobalSection(SolutionProperties) = preSolution
		HideSolutionNode = FALSE
	EndGlobalSection
	GlobalSection(ProjectConfigurationPlatforms) = postSolution
		{9854963A-8F27-4C66-A0E8-8F73ABDFF7CC}.Debug|Any CPU.ActiveCfg = Debug|Any CPU
		{9854963A-8F27-4C66-A0E8-8F73ABDFF7CC}.Debug|Any CPU.Build.0 = Debug|Any CPU
		{9854963A-8F27-4C66-A0E8-8F73ABDFF7CC}.Debug|x64.ActiveCfg = Debug|Any CPU
		{9854963A-8F27-4C66-A0E8-8F73ABDFF7CC}.Debug|x64.Build.0 = Debug|Any CPU
		{9854963A-8F27-4C66-A0E8-8F73ABDFF7CC}.Debug|x86.ActiveCfg = Debug|Any CPU
		{9854963A-8F27-4C66-A0E8-8F73ABDFF7CC}.Debug|x86.Build.0 = Debug|Any CPU
		{9854963A-8F27-4C66-A0E8-8F73ABDFF7CC}.Release|Any CPU.ActiveCfg = Release|Any CPU
		{9854963A-8F27-4C66-A0E8-8F73ABDFF7CC}.Release|Any CPU.Build.0 = Release|Any CPU
		{9854963A-8F27-4C66-A0E8-8F73ABDFF7CC}.Release|x64.ActiveCfg = Release|Any CPU
		{9854963A-8F27-4C66-A0E8-8F73ABDFF7CC}.Release|x64.Build.0 = Release|Any CPU
		{9854963A-8F27-4C66-A0E8-8F73ABDFF7CC}.Release|x86.ActiveCfg = Release|Any CPU
		{9854963A-8F27-4C66-A0E8-8F73ABDFF7CC}.Release|x86.Build.0 = Release|Any CPU
		{7E2D62BB-63A5-4535-A2C2-8E509ECDF7DB}.Debug|Any CPU.ActiveCfg = Debug|Any CPU
		{7E2D62BB-63A5-4535-A2C2-8E509ECDF7DB}.Debug|Any CPU.Build.0 = Debug|Any CPU
		{7E2D62BB-63A5-4535-A2C2-8E509ECDF7DB}.Debug|x64.ActiveCfg = Debug|Any CPU
		{7E2D62BB-63A5-4535-A2C2-8E509ECDF7DB}.Debug|x64.Build.0 = Debug|Any CPU
		{7E2D62BB-63A5-4535-A2C2-8E509ECDF7DB}.Debug|x86.ActiveCfg = Debug|Any CPU
		{7E2D62BB-63A5-4535-A2C2-8E509ECDF7DB}.Debug|x86.Build.0 = Debug|Any CPU
		{7E2D62BB-63A5-4535-A2C2-8E509ECDF7DB}.Release|Any CPU.ActiveCfg = Release|Any CPU
		{7E2D62BB-63A5-4535-A2C2-8E509ECDF7DB}.Release|Any CPU.Build.0 = Release|Any CPU
		{7E2D62BB-63A5-4535-A2C2-8E509ECDF7DB}.Release|x64.ActiveCfg = Release|Any CPU
		{7E2D62BB-63A5-4535-A2C2-8E509ECDF7DB}.Release|x64.Build.0 = Release|Any CPU
		{7E2D62BB-63A5-4535-A2C2-8E509ECDF7DB}.Release|x86.ActiveCfg = Release|Any CPU
		{7E2D62BB-63A5-4535-A2C2-8E509ECDF7DB}.Release|x86.Build.0 = Release|Any CPU
	EndGlobalSection
EndGlobal
